
Microsoft Visual Studio Solution File, Format Version 12.00
# Visual Studio 2015
Project("{FAE04EC0-301F-11D3-BF4B-00C04F79EFBC}") = "DataManager", "DataManager.csproj", "{4E72E4C4-DE58-D460-AB11-304ABADC740E}"
EndProject
Project("{FAE04EC0-301F-11D3-BF4B-00C04F79EFBC}") = "DataManager.Editor", "DataManager.Editor.csproj", "{90BD5295-12D4-926B-64BD-DB35E350A049}"
EndProject
Global
	GlobalSection(SolutionConfigurationPlatforms) = preSolution
		Debug|Any CPU = Debug|Any CPU
		Release|Any CPU = Release|Any CPU
	EndGlobalSection
	GlobalSection(ProjectConfigurationPlatforms) = postSolution
		{4E72E4C4-DE58-D460-AB11-304ABADC740E}.Debug|Any CPU.ActiveCfg = Debug|Any CPU
		{4E72E4C4-DE58-D460-AB11-304ABADC740E}.Debug|Any CPU.Build.0 = Debug|Any CPU
		{4E72E4C4-DE58-D460-AB11-304ABADC740E}.Release|Any CPU.ActiveCfg = Release|Any CPU
		{4E72E4C4-DE58-D460-AB11-304ABADC740E}.Release|Any CPU.Build.0 = Release|Any CPU
		{90BD5295-12D4-926B-64BD-DB35E350A049}.Debug|Any CPU.ActiveCfg = Debug|Any CPU
		{90BD5295-12D4-926B-64BD-DB35E350A049}.Debug|Any CPU.Build.0 = Debug|Any CPU
		{90BD5295-12D4-926B-64BD-DB35E350A049}.Release|Any CPU.ActiveCfg = Release|Any CPU
		{90BD5295-12D4-926B-64BD-DB35E350A049}.Release|Any CPU.Build.0 = Release|Any CPU
	EndGlobalSection
	GlobalSection(SolutionProperties) = preSolution
		HideSolutionNode = FALSE
	EndGlobalSection
EndGlobal
